
Microsoft Visual Studio Solution File, Format Version 12.00
# Visual Studio 2013
VisualStudioVersion = 12.0.21005.1
MinimumVisualStudioVersion = 10.0.40219.1
Project("{FAE04EC0-301F-11D3-BF4B-00C04F79EFBC}") = "MVCdataAccessUsingBusinessObjectAsModel", "MVCdataAccessUsingBusinessObjectAsModel\MVCdataAccessUsingBusinessObjectAsModel.csproj", "{ED92A933-B42E-41FE-BDBD-93A5377D592A}"
EndProject
Project("{FAE04EC0-301F-11D3-BF4B-00C04F79EFBC}") = "BusinessLayer", "BusinessLayer\BusinessLayer.csproj", "{1CE0C732-E603-4B02-8CCB-39EED326A11A}"
EndProject
Global
	GlobalSection(SolutionConfigurationPlatforms) = preSolution
		Debug|Any CPU = Debug|Any CPU
		Release|Any CPU = Release|Any CPU
	EndGlobalSection
	GlobalSection(ProjectConfigurationPlatforms) = postSolution
		{ED92A933-B42E-41FE-BDBD-93A5377D592A}.Debug|Any CPU.ActiveCfg = Debug|Any CPU
		{ED92A933-B42E-41FE-BDBD-93A5377D592A}.Debug|Any CPU.Build.0 = Debug|Any CPU
		{ED92A933-B42E-41FE-BDBD-93A5377D592A}.Release|Any CPU.ActiveCfg = Release|Any CPU
		{ED92A933-B42E-41FE-BDBD-93A5377D592A}.Release|Any CPU.Build.0 = Release|Any CPU
		{1CE0C732-E603-4B02-8CCB-39EED326A11A}.Debug|Any CPU.ActiveCfg = Debug|Any CPU
		{1CE0C732-E603-4B02-8CCB-39EED326A11A}.Debug|Any CPU.Build.0 = Debug|Any CPU
		{1CE0C732-E603-4B02-8CCB-39EED326A11A}.Release|Any CPU.ActiveCfg = Release|Any CPU
		{1CE0C732-E603-4B02-8CCB-39EED326A11A}.Release|Any CPU.Build.0 = Release|Any CPU
	EndGlobalSection
	GlobalSection(SolutionProperties) = preSolution
		HideSolutionNode = FALSE
	EndGlobalSection
EndGlobal
